
Microsoft Visual Studio Solution File, Format Version 12.00
# Visual Studio Version 17
VisualStudioVersion = 17.0.31903.59
MinimumVisualStudioVersion = 10.0.40219.1
Project("{FAE04EC0-301F-11D3-BF4B-00C04F79EFBC}") = "Training_Dotnet8_CSharp12", "Training_Dotnet8_CSharp12.csproj", "{25D7FDE7-0CC0-46B4-BD26-7D5971601D3E}"
EndProject
Global
	GlobalSection(SolutionConfigurationPlatforms) = preSolution
		Debug|Any CPU = Debug|Any CPU
		Release|Any CPU = Release|Any CPU
	EndGlobalSection
	GlobalSection(SolutionProperties) = preSolution
		HideSolutionNode = FALSE
	EndGlobalSection
	GlobalSection(ProjectConfigurationPlatforms) = postSolution
		{25D7FDE7-0CC0-46B4-BD26-7D5971601D3E}.Debug|Any CPU.ActiveCfg = Debug|Any CPU
		{25D7FDE7-0CC0-46B4-BD26-7D5971601D3E}.Debug|Any CPU.Build.0 = Debug|Any CPU
		{25D7FDE7-0CC0-46B4-BD26-7D5971601D3E}.Release|Any CPU.ActiveCfg = Release|Any CPU
		{25D7FDE7-0CC0-46B4-BD26-7D5971601D3E}.Release|Any CPU.Build.0 = Release|Any CPU
	EndGlobalSection
EndGlobal
